// !$*UTF8*$!
{
	archiveVersion = 1;
	classes = {
	};
	objectVersion = 48;
	objects = {

/* Begin PBXBuildFile section */
		CAC874AF1FA151160022552B /* AppDelegate.swift in Sources */ = {isa = PBXBuildFile; fileRef = CAC874AE1FA151160022552B /* AppDelegate.swift */; };
		CAC874B11FA151160022552B /* ViewController.swift in Sources */ = {isa = PBXBuildFile; fileRef = CAC874B01FA151160022552B /* ViewController.swift */; };
		CAC874B41FA151160022552B /* Main.storyboard in Resources */ = {isa = PBXBuildFile; fileRef = CAC874B21FA151160022552B /* Main.storyboard */; };
		CAC874B61FA151160022552B /* Assets.xcassets in Resources */ = {isa = PBXBuildFile; fileRef = CAC874B51FA151160022552B /* Assets.xcassets */; };
		CAC874B91FA151160022552B /* LaunchScreen.storyboard in Resources */ = {isa = PBXBuildFile; fileRef = CAC874B71FA151160022552B /* LaunchScreen.storyboard */; };
		CAC874C11FA1784D0022552B /* RuleteView.swift in Sources */ = {isa = PBXBuildFile; fileRef = CAC874C01FA1784D0022552B /* RuleteView.swift */; };
		CAC874C51FA7D6D10022552B /* DealersViewController.swift in Sources */ = {isa = PBXBuildFile; fileRef = CAC874C41FA7D6D10022552B /* DealersViewController.swift */; };
		CAC874C71FA7DA0C0022552B /* DealerTableViewCell.swift in Sources */ = {isa = PBXBuildFile; fileRef = CAC874C61FA7DA0C0022552B /* DealerTableViewCell.swift */; };
		CAC874C91FA7DE310022552B /* RecordsViewController.swift in Sources */ = {isa = PBXBuildFile; fileRef = CAC874C81FA7DE310022552B /* RecordsViewController.swift */; };
		CAC874CB1FA7DE630022552B /* Roulette.swift in Sources */ = {isa = PBXBuildFile; fileRef = CAC874CA1FA7DE630022552B /* Roulette.swift */; };
		CAF3ECA91FAC085D00555272 /* TimesOfRotation.swift in Sources */ = {isa = PBXBuildFile; fileRef = CAF3ECA81FAC085D00555272 /* TimesOfRotation.swift */; };
/* End PBXBuildFile section */

/* Begin PBXFileReference section */
		CAC874AB1FA151160022552B /* Rulete.app */ = {isa = PBXFileReference; explicitFileType = wrapper.application; includeInIndex = 0; path = Rulete.app; sourceTree = BUILT_PRODUCTS_DIR; };
		CAC874AE1FA151160022552B /* AppDelegate.swift */ = {isa = PBXFileReference; lastKnownFileType = sourcecode.swift; path = AppDelegate.swift; sourceTree = "<group>"; };
		CAC874B01FA151160022552B /* ViewController.swift */ = {isa = PBXFileReference; lastKnownFileType = sourcecode.swift; path = ViewController.swift; sourceTree = "<group>"; };
		CAC874B31FA151160022552B /* Base */ = {isa = PBXFileReference; lastKnownFileType = file.storyboard; name = Base; path = Base.lproj/Main.storyboard; sourceTree = "<group>"; };
		CAC874B51FA151160022552B /* Assets.xcassets */ = {isa = PBXFileReference; lastKnownFileType = folder.assetcatalog; path = Assets.xcassets; sourceTree = "<group>"; };
		CAC874B81FA151160022552B /* Base */ = {isa = PBXFileReference; lastKnownFileType = file.storyboard; name = Base; path = Base.lproj/LaunchScreen.storyboard; sourceTree = "<group>"; };
		CAC874BA1FA151160022552B /* Info.plist */ = {isa = PBXFileReference; lastKnownFileType = text.plist.xml; path = Info.plist; sourceTree = "<group>"; };
		CAC874C01FA1784D0022552B /* RuleteView.swift */ = {isa = PBXFileReference; lastKnownFileType = sourcecode.swift; path = RuleteView.swift; sourceTree = "<group>"; };
		CAC874C41FA7D6D10022552B /* DealersViewController.swift */ = {isa = PBXFileReference; lastKnownFileType = sourcecode.swift; path = DealersViewController.swift; sourceTree = "<group>"; };
		CAC874C61FA7DA0C0022552B /* DealerTableViewCell.swift */ = {isa = PBXFileReference; lastKnownFileType = sourcecode.swift; path = DealerTableViewCell.swift; sourceTree = "<group>"; };
		CAC874C81FA7DE310022552B /* RecordsViewController.swift */ = {isa = PBXFileReference; lastKnownFileType = sourcecode.swift; path = RecordsViewController.swift; sourceTree = "<group>"; };
		CAC874CA1FA7DE630022552B /* Roulette.swift */ = {isa = PBXFileReference; lastKnownFileType = sourcecode.swift; path = Roulette.swift; sourceTree = "<group>"; };
		CAF3ECA81FAC085D00555272 /* TimesOfRotation.swift */ = {isa = PBXFileReference; lastKnownFileType = sourcecode.swift; path = TimesOfRotation.swift; sourceTree = "<group>"; };
/* End PBXFileReference section */

/* Begin PBXFrameworksBuildPhase section */
		CAC874A81FA151160022552B /* Frameworks */ = {
			isa = PBXFrameworksBuildPhase;
			buildActionMask = 2147483647;
			files = (
			);
			runOnlyForDeploymentPostprocessing = 0;
		};
/* End PBXFrameworksBuildPhase section */

/* Begin PBXGroup section */
		CAC874A21FA151160022552B = {
			isa = PBXGroup;
			children = (
				CAC874AD1FA151160022552B /* Rulete */,
				CAC874AC1FA151160022552B /* Products */,
			);
			sourceTree = "<group>";
		};
		CAC874AC1FA151160022552B /* Products */ = {
			isa = PBXGroup;
			children = (
				CAC874AB1FA151160022552B /* Rulete.app */,
			);
			name = Products;
			sourceTree = "<group>";
		};
		CAC874AD1FA151160022552B /* Rulete */ = {
			isa = PBXGroup;
			children = (
				CAC874AE1FA151160022552B /* AppDelegate.swift */,
				CAC874C41FA7D6D10022552B /* DealersViewController.swift */,
				CAC874C81FA7DE310022552B /* RecordsViewController.swift */,
				CAC874B01FA151160022552B /* ViewController.swift */,
				CAC874B21FA151160022552B /* Main.storyboard */,
				CAC874B51FA151160022552B /* Assets.xcassets */,
				CAC874B71FA151160022552B /* LaunchScreen.storyboard */,
				CAC874BA1FA151160022552B /* Info.plist */,
				CAC874C01FA1784D0022552B /* RuleteView.swift */,
				CAC874C61FA7DA0C0022552B /* DealerTableViewCell.swift */,
				CAC874CA1FA7DE630022552B /* Roulette.swift */,
				CAF3ECA81FAC085D00555272 /* TimesOfRotation.swift */,
			);
			path = Rulete;
			sourceTree = "<group>";
		};
/* End PBXGroup section */

/* Begin PBXNativeTarget section */
		CAC874AA1FA151160022552B /* Rulete */ = {
			isa = PBXNativeTarget;
			buildConfigurationList = CAC874BD1FA151160022552B /* Build configuration list for PBXNativeTarget "Rulete" */;
			buildPhases = (
				CAC874A71FA151160022552B /* Sources */,
				CAC874A81FA151160022552B /* Frameworks */,
				CAC874A91FA151160022552B /* Resources */,
			);
			buildRules = (
			);
			dependencies = (
			);
			name = Rulete;
			productName = Rulete;
			productReference = CAC874AB1FA151160022552B /* Rulete.app */;
			productType = "com.apple.product-type.application";
		};
/* End PBXNativeTarget section */

/* Begin PBXProject section */
		CAC874A31FA151160022552B /* Project object */ = {
			isa = PBXProject;
			attributes = {
				LastSwiftUpdateCheck = 0900;
				LastUpgradeCheck = 0900;
				ORGANIZATIONNAME = carlosdelamora;
				TargetAttributes = {
					CAC874AA1FA151160022552B = {
						CreatedOnToolsVersion = 9.0.1;
						ProvisioningStyle = Automatic;
					};
				};
			};
			buildConfigurationList = CAC874A61FA151160022552B /* Build configuration list for PBXProject "Rulete" */;
			compatibilityVersion = "Xcode 8.0";
			developmentRegion = en;
			hasScannedForEncodings = 0;
			knownRegions = (
				en,
				Base,
			);
			mainGroup = CAC874A21FA151160022552B;
			productRefGroup = CAC874AC1FA151160022552B /* Products */;
			projectDirPath = "";
			projectRoot = "";
			targets = (
				CAC874AA1FA151160022552B /* Rulete */,
			);
		};
/* End PBXProject section */

/* Begin PBXResourcesBuildPhase section */
		CAC874A91FA151160022552B /* Resources */ = {
			isa = PBXResourcesBuildPhase;
			buildActionMask = 2147483647;
			files = (
				CAC874B91FA151160022552B /* LaunchScreen.storyboard in Resources */,
				CAC874B61FA151160022552B /* Assets.xcassets in Resources */,
				CAC874B41FA151160022552B /* Main.storyboard in Resources */,
			);
			runOnlyForDeploymentPostprocessing = 0;
		};
/* End PBXResourcesBuildPhase section */

/* Begin PBXSourcesBuildPhase section */
		CAC874A71FA151160022552B /* Sources */ = {
			isa = PBXSourcesBuildPhase;
			buildActionMask = 2147483647;
			files = (
				CAC874B11FA151160022552B /* ViewController.swift in Sources */,
				CAC874C71FA7DA0C0022552B /* DealerTableViewCell.swift in Sources */,
				CAC874CB1FA7DE630022552B /* Roulette.swift in Sources */,
				CAC874C51FA7D6D10022552B /* DealersViewController.swift in Sources */,
				CAC874C11FA1784D0022552B /* RuleteView.swift in Sources */,
				CAC874AF1FA151160022552B /* AppDelegate.swift in Sources */,
				CAC874C91FA7DE310022552B /* RecordsViewController.swift in Sources */,
				CAF3ECA91FAC085D00555272 /* TimesOfRotation.swift in Sources */,
			);
			runOnlyForDeploymentPostprocessing = 0;
		};
/* End PBXSourcesBuildPhase section */

/* Begin PBXVariantGroup section */
		CAC874B21FA151160022552B /* Main.storyboard */ = {
			isa = PBXVariantGroup;
			children = (
				CAC874B31FA151160022552B /* Base */,
			);
			name = Main.storyboard;
			sourceTree = "<group>";
		};
		CAC874B71FA151160022552B /* LaunchScreen.storyboard */ = {
			isa = PBXVariantGroup;
			children = (
				CAC874B81FA151160022552B /* Base */,
			);
			name = LaunchScreen.storyboard;
			sourceTree = "<group>";
		};
/* End PBXVariantGroup section */

/* Begin XCBuildConfiguration section */
		CAC874BB1FA151160022552B /* Debug */ = {
			isa = XCBuildConfiguration;
			buildSettings = {
				ALWAYS_SEARCH_USER_PATHS = NO;
				CLANG_ANALYZER_NONNULL = YES;
				CLANG_ANALYZER_NUMBER_OBJECT_CONVERSION = YES_AGGRESSIVE;
				CLANG_CXX_LANGUAGE_STANDARD = "gnu++14";
				CLANG_CXX_LIBRARY = "libc++";
				CLANG_ENABLE_MODULES = YES;
				CLANG_ENABLE_OBJC_ARC = YES;
				CLANG_WARN_BLOCK_CAPTURE_AUTORELEASING = YES;
				CLANG_WARN_BOOL_CONVERSION = YES;
				CLANG_WARN_COMMA = YES;
				CLANG_WARN_CONSTANT_CONVERSION = YES;
				CLANG_WARN_DIRECT_OBJC_ISA_USAGE = YES_ERROR;
				CLANG_WARN_DOCUMENTATION_COMMENTS = YES;
				CLANG_WARN_EMPTY_BODY = YES;
				CLANG_WARN_ENUM_CONVERSION = YES;
				CLANG_WARN_INFINITE_RECURSION = YES;
				CLANG_WARN_INT_CONVERSION = YES;
				CLANG_WARN_NON_LITERAL_NULL_CONVERSION = YES;
				CLANG_WARN_OBJC_LITERAL_CONVERSION = YES;
				CLANG_WARN_OBJC_ROOT_CLASS = YES_ERROR;
				CLANG_WARN_RANGE_LOOP_ANALYSIS = YES;
				CLANG_WARN_STRICT_PROTOTYPES = YES;
				CLANG_WARN_SUSPICIOUS_MOVE = YES;
				CLANG_WARN_UNGUARDED_AVAILABILITY = YES_AGGRESSIVE;
				CLANG_WARN_UNREACHABLE_CODE = YES;
				CLANG_WARN__DUPLICATE_METHOD_MATCH = YES;
				CODE_SIGN_IDENTITY = "iPhone Developer";
				COPY_PHASE_STRIP = NO;
				DEBUG_INFORMATION_FORMAT = dwarf;
				ENABLE_STRICT_OBJC_MSGSEND = YES;
				ENABLE_TESTABILITY = YES;
				GCC_C_LANGUAGE_STANDARD = gnu11;
				GCC_DYNAMIC_NO_PIC = NO;
				GCC_NO_COMMON_BLOCKS = YES;
				GCC_OPTIMIZATION_LEVEL = 0;
				GCC_PREPROCESSOR_DEFINITIONS = (
					"DEBUG=1",
					"$(inherited)",
				);
				GCC_WARN_64_TO_32_BIT_CONVERSION = YES;
				GCC_WARN_ABOUT_RETURN_TYPE = YES_ERROR;
				GCC_WARN_UNDECLARED_SELECTOR = YES;
				GCC_WARN_UNINITIALIZED_AUTOS = YES_AGGRESSIVE;
				GCC_WARN_UNUSED_FUNCTION = YES;
				GCC_WARN_UNUSED_VARIABLE = YES;
				IPHONEOS_DEPLOYMENT_TARGET = 11.0;
				MTL_ENABLE_DEBUG_INFO = YES;
				ONLY_ACTIVE_ARCH = YES;
				SDKROOT = iphoneos;
				SWIFT_ACTIVE_COMPILATION_CONDITIONS = DEBUG;
				SWIFT_OPTIMIZATION_LEVEL = "-Onone";
			};
			name = Debug;
		};
		CAC874BC1FA151160022552B /* Release */ = {
			isa = XCBuildConfiguration;
			buildSettings = {
				ALWAYS_SEARCH_USER_PATHS = NO;
				CLANG_ANALYZER_NONNULL = YES;
				CLANG_ANALYZER_NUMBER_OBJECT_CONVERSION = YES_AGGRESSIVE;
				CLANG_CXX_LANGUAGE_STANDARD = "gnu++14";
				CLANG_CXX_LIBRARY = "libc++";
				CLANG_ENABLE_MODULES = YES;
				CLANG_ENABLE_OBJC_ARC = YES;
				CLANG_WARN_BLOCK_CAPTURE_AUTORELEASING = YES;
				CLANG_WARN_BOOL_CONVERSION = YES;
				CLANG_WARN_COMMA = YES;
				CLANG_WARN_CONSTANT_CONVERSION = YES;
				CLANG_WARN_DIRECT_OBJC_ISA_USAGE = YES_ERROR;
				CLANG_WARN_DOCUMENTATION_COMMENTS = YES;
				CLANG_WARN_EMPTY_BODY = YES;
				CLANG_WARN_ENUM_CONVERSION = YES;
				CLANG_WARN_INFINITE_RECURSION = YES;
				CLANG_WARN_INT_CONVERSION = YES;
				CLANG_WARN_NON_LITERAL_NULL_CONVERSION = YES;
				CLANG_WARN_OBJC_LITERAL_CONVERSION = YES;
				CLANG_WARN_OBJC_ROOT_CLASS = YES_ERROR;
				CLANG_WARN_RANGE_LOOP_ANALYSIS = YES;
				CLANG_WARN_STRICT_PROTOTYPES = YES;
				CLANG_WARN_SUSPICIOUS_MOVE = YES;
				CLANG_WARN_UNGUARDED_AVAILABILITY = YES_AGGRESSIVE;
				CLANG_WARN_UNREACHABLE_CODE = YES;
				CLANG_WARN__DUPLICATE_METHOD_MATCH = YES;
				CODE_SIGN_IDENTITY = "iPhone Developer";
				COPY_PHASE_STRIP = NO;
				DEBUG_INFORMATION_FORMAT = "dwarf-with-dsym";
				ENABLE_NS_ASSERTIONS = NO;
				ENABLE_STRICT_OBJC_MSGSEND = YES;
				GCC_C_LANGUAGE_STANDARD = gnu11;
				GCC_NO_COMMON_BLOCKS = YES;
				GCC_WARN_64_TO_32_BIT_CONVERSION = YES;
				GCC_WARN_ABOUT_RETURN_TYPE = YES_ERROR;
				GCC_WARN_UNDECLARED_SELECTOR = YES;
				GCC_WARN_UNINITIALIZED_AUTOS = YES_AGGRESSIVE;
				GCC_WARN_UNUSED_FUNCTION = YES;
				GCC_WARN_UNUSED_VARIABLE = YES;
				IPHONEOS_DEPLOYMENT_TARGET = 11.0;
				MTL_ENABLE_DEBUG_INFO = NO;
				SDKROOT = iphoneos;
				SWIFT_OPTIMIZATION_LEVEL = "-Owholemodule";
				VALIDATE_PRODUCT = YES;
			};
			name = Release;
		};
		CAC874BE1FA151160022552B /* Debug */ = {
			isa = XCBuildConfiguration;
			buildSettings = {
				ASSETCATALOG_COMPILER_APPICON_NAME = AppIcon;
				CODE_SIGN_STYLE = Automatic;
				DEVELOPMENT_TEAM = 5PRK9NET39;
				INFOPLIST_FILE = Rulete/Info.plist;
				LD_RUNPATH_SEARCH_PATHS = "$(inherited) @executable_path/Frameworks";
				PRODUCT_BUNDLE_IDENTIFIER = com.carlosDelaMora.Rulete;
				PRODUCT_NAME = "$(TARGET_NAME)";
				SWIFT_VERSION = 4.0;
				TARGETED_DEVICE_FAMILY = "1,2";
			};
			name = Debug;
		};
		CAC874BF1FA151160022552B /* Release */ = {
			isa = XCBuildConfiguration;
			buildSettings = {
				ASSETCATALOG_COMPILER_APPICON_NAME = AppIcon;
				CODE_SIGN_STYLE = Automatic;
				DEVELOPMENT_TEAM = 5PRK9NET39;
				INFOPLIST_FILE = Rulete/Info.plist;
				LD_RUNPATH_SEARCH_PATHS = "$(inherited) @executable_path/Frameworks";
				PRODUCT_BUNDLE_IDENTIFIER = com.carlosDelaMora.Rulete;
				PRODUCT_NAME = "$(TARGET_NAME)";
				SWIFT_VERSION = 4.0;
				TARGETED_DEVICE_FAMILY = "1,2";
			};
			name = Release;
		};
/* End XCBuildConfiguration section */

/* Begin XCConfigurationList section */
		CAC874A61FA151160022552B /* Build configuration list for PBXProject "Rulete" */ = {
			isa = XCConfigurationList;
			buildConfigurations = (
				CAC874BB1FA151160022552B /* Debug */,
				CAC874BC1FA151160022552B /* Release */,
			);
			defaultConfigurationIsVisible = 0;
			defaultConfigurationName = Release;
		};
		CAC874BD1FA151160022552B /* Build configuration list for PBXNativeTarget "Rulete" */ = {
			isa = XCConfigurationList;
			buildConfigurations = (
				CAC874BE1FA151160022552B /* Debug */,
				CAC874BF1FA151160022552B /* Release */,
			);
			defaultConfigurationIsVisible = 0;
			defaultConfigurationName = Release;
		};
/* End XCConfigurationList section */
	};
	rootObject = CAC874A31FA151160022552B /* Project object */;
}
